
Microsoft Visual Studio Solution File, Format Version 12.00
# Visual Studio 15
VisualStudioVersion = 15.0.28307.572
MinimumVisualStudioVersion = 10.0.40219.1
Project("{9A19103F-16F7-4668-BE54-9A1E7A4F7556}") = "LabExerciseAdvance", "LabExerciseAdvance\LabExerciseAdvance.csproj", "{C6D2AA8F-41C8-4C08-8CBA-9323C34C4DD1}"
EndProject
Project("{9A19103F-16F7-4668-BE54-9A1E7A4F7556}") = "LabExerciseAdvance.API", "LabExerciseAdvance.API\LabExerciseAdvance.API.csproj", "{5D25271E-D1E0-4C53-890C-E778CE90ABA2}"
EndProject
Global
	GlobalSection(SolutionConfigurationPlatforms) = preSolution
		Debug|Any CPU = Debug|Any CPU
		Release|Any CPU = Release|Any CPU
	EndGlobalSection
	GlobalSection(ProjectConfigurationPlatforms) = postSolution
		{C6D2AA8F-41C8-4C08-8CBA-9323C34C4DD1}.Debug|Any CPU.ActiveCfg = Debug|Any CPU
		{C6D2AA8F-41C8-4C08-8CBA-9323C34C4DD1}.Debug|Any CPU.Build.0 = Debug|Any CPU
		{C6D2AA8F-41C8-4C08-8CBA-9323C34C4DD1}.Release|Any CPU.ActiveCfg = Release|Any CPU
		{C6D2AA8F-41C8-4C08-8CBA-9323C34C4DD1}.Release|Any CPU.Build.0 = Release|Any CPU
		{5D25271E-D1E0-4C53-890C-E778CE90ABA2}.Debug|Any CPU.ActiveCfg = Debug|Any CPU
		{5D25271E-D1E0-4C53-890C-E778CE90ABA2}.Debug|Any CPU.Build.0 = Debug|Any CPU
		{5D25271E-D1E0-4C53-890C-E778CE90ABA2}.Release|Any CPU.ActiveCfg = Release|Any CPU
		{5D25271E-D1E0-4C53-890C-E778CE90ABA2}.Release|Any CPU.Build.0 = Release|Any CPU
	EndGlobalSection
	GlobalSection(SolutionProperties) = preSolution
		HideSolutionNode = FALSE
	EndGlobalSection
	GlobalSection(ExtensibilityGlobals) = postSolution
		SolutionGuid = {114A565C-1E2D-4BCB-B0E6-5AEEFAC24CE5}
	EndGlobalSection
EndGlobal
